
Microsoft Visual Studio Solution File, Format Version 12.00
# Visual Studio Version 17
VisualStudioVersion = 17.9.34714.143
MinimumVisualStudioVersion = 10.0.40219.1
Project("{FAE04EC0-301F-11D3-BF4B-00C04F79EFBC}") = "ToDo", "ToDo.csproj", "{62E9E613-AF56-4C23-A2B0-1239B514BCF4}"
EndProject
Global
	GlobalSection(SolutionConfigurationPlatforms) = preSolution
		Debug|Any CPU = Debug|Any CPU
		Release|Any CPU = Release|Any CPU
	EndGlobalSection
	GlobalSection(ProjectConfigurationPlatforms) = postSolution
		{62E9E613-AF56-4C23-A2B0-1239B514BCF4}.Debug|Any CPU.ActiveCfg = Debug|Any CPU
		{62E9E613-AF56-4C23-A2B0-1239B514BCF4}.Debug|Any CPU.Build.0 = Debug|Any CPU
		{62E9E613-AF56-4C23-A2B0-1239B514BCF4}.Release|Any CPU.ActiveCfg = Release|Any CPU
		{62E9E613-AF56-4C23-A2B0-1239B514BCF4}.Release|Any CPU.Build.0 = Release|Any CPU
	EndGlobalSection
	GlobalSection(SolutionProperties) = preSolution
		HideSolutionNode = FALSE
	EndGlobalSection
	GlobalSection(ExtensibilityGlobals) = postSolution
		SolutionGuid = {11E25623-1EA0-4259-919C-F0E0B173F810}
	EndGlobalSection
EndGlobal
